
Microsoft Visual Studio Solution File, Format Version 12.00
# Visual Studio Version 16
VisualStudioVersion = 16.0.31019.35
MinimumVisualStudioVersion = 10.0.40219.1
Project("{9A19103F-16F7-4668-BE54-9A1E7A4F7556}") = "Inclass10_Naveen", "Inclass10_Naveen.csproj", "{98AFBECB-A191-4EB8-9567-0B44AC1D43C5}"
EndProject
Global
	GlobalSection(SolutionConfigurationPlatforms) = preSolution
		Debug|Any CPU = Debug|Any CPU
		Release|Any CPU = Release|Any CPU
	EndGlobalSection
	GlobalSection(ProjectConfigurationPlatforms) = postSolution
		{98AFBECB-A191-4EB8-9567-0B44AC1D43C5}.Debug|Any CPU.ActiveCfg = Debug|Any CPU
		{98AFBECB-A191-4EB8-9567-0B44AC1D43C5}.Debug|Any CPU.Build.0 = Debug|Any CPU
		{98AFBECB-A191-4EB8-9567-0B44AC1D43C5}.Release|Any CPU.ActiveCfg = Release|Any CPU
		{98AFBECB-A191-4EB8-9567-0B44AC1D43C5}.Release|Any CPU.Build.0 = Release|Any CPU
	EndGlobalSection
	GlobalSection(SolutionProperties) = preSolution
		HideSolutionNode = FALSE
	EndGlobalSection
	GlobalSection(ExtensibilityGlobals) = postSolution
		SolutionGuid = {4A79E22B-8BF4-4C52-8796-AAD6105BFAB4}
	EndGlobalSection
EndGlobal
